[[package]]
name = "atomicwrites"
version = "1.4.0"
description = "Atomic file writes."
category = "dev"
optional = false
python-versions = ">=2.7, !=3.0.*, !=3.1.*, !=3.2.*, !=3.3.*"

[[package]]
name = "attrs"
version = "20.2.0"
description = "Classes Without Boilerplate"
category = "dev"
optional = false
python-versions = ">=2.7, !=3.0.*, !=3.1.*, !=3.2.*, !=3.3.*"

[package.extras]
dev = ["coverage[toml] (>=5.0.2)", "hypothesis", "pympler", "pytest (>=4.3.0)", "six", "zope.interface", "sphinx", "sphinx-rtd-theme", "pre-commit"]
docs = ["sphinx", "sphinx-rtd-theme", "zope.interface"]
tests = ["coverage[toml] (>=5.0.2)", "hypothesis", "pympler", "pytest (>=4.3.0)", "six", "zope.interface"]
tests_no_zope = ["coverage[toml] (>=5.0.2)", "hypothesis", "pympler", "pytest (>=4.3.0)", "six"]

[[package]]
name = "colorama"
version = "0.4.3"
description = "Cross-platform colored terminal text."
category = "dev"
optional = false
python-versions = ">=2.7, !=3.0.*, !=3.1.*, !=3.2.*, !=3.3.*, !=3.4.*"

[[package]]
name = "iniconfig"
version = "1.0.1"
description = "iniconfig: brain-dead simple config-ini parsing"
category = "dev"
optional = false
python-versions = "*"

[[package]]
name = "packaging"
version = "20.4"
description = "Core utilities for Python packages"
category = "dev"
optional = false
python-versions = ">=2.7, !=3.0.*, !=3.1.*, !=3.2.*, !=3.3.*"

[package.dependencies]
pyparsing = ">=2.0.2"
six = "*"

[[package]]
name = "pluggy"
version = "0.13.1"
description = "plugin and hook calling mechanisms for python"
category = "dev"
optional = false
python-versions = ">=2.7, !=3.0.*, !=3.1.*, !=3.2.*, !=3.3.*"

[package.extras]
dev = ["pre-commit", "tox"]

[[package]]
name = "py"
version = "1.9.0"
description = "library with cross-python path, ini-parsing, io, code, log facilities"
category = "dev"
optional = false
python-versions = ">=2.7, !=3.0.*, !=3.1.*, !=3.2.*, !=3.3.*"

[[package]]
name = "pydantic"
version = "1.6.1"
description = "Data validation and settings management using python 3.6 type hinting"
category = "main"
optional = false
python-versions = ">=3.6"

[package.extras]
dotenv = ["python-dotenv (>=0.10.4)"]
email = ["email-validator (>=1.0.3)"]
typing_extensions = ["typing-extensions (>=3.7.2)"]

[[package]]
name = "pygame"
version = "2.0.0.dev10"
description = "Python Game Development"
category = "main"
optional = false
python-versions = "*"

[[package]]
name = "pyparsing"
version = "2.4.7"
description = "Python parsing module"
category = "dev"
optional = false
python-versions = ">=2.6, !=3.0.*, !=3.1.*, !=3.2.*"

[[package]]
name = "pytest"
version = "6.1.0"
description = "pytest: simple powerful testing with Python"
category = "dev"
optional = false
python-versions = ">=3.5"

[package.dependencies]
atomicwrites = {version = ">=1.0", markers = "sys_platform == \"win32\""}
attrs = ">=17.4.0"
colorama = {version = "*", markers = "sys_platform == \"win32\""}
iniconfig = "*"
packaging = "*"
pluggy = ">=0.12,<1.0"
py = ">=1.8.2"
toml = "*"

[package.extras]
checkqa_mypy = ["mypy (0.780)"]
testing = ["argcomplete", "hypothesis (>=3.56)", "mock", "nose", "requests", "xmlschema"]

[[package]]
name = "six"
version = "1.15.0"
description = "Python 2 and 3 compatibility utilities"
category = "dev"
optional = false
python-versions = ">=2.7, !=3.0.*, !=3.1.*, !=3.2.*"

[[package]]
name = "toml"
version = "0.10.1"
description = "Python Library for Tom's Obvious, Minimal Language"
category = "dev"
optional = false
python-versions = "*"

[[package]]
name = "wrapt"
version = "1.12.1"
description = "Module for decorators, wrappers and monkey patching."
category = "main"
optional = false
python-versions = "*"

[metadata]
lock-version = "1.1"
python-versions = "^3.8"
content-hash = "f39f44b4de3588b5b02aa3e0a96cb74618bd28603ce1b7198a73b252f182944a"

[metadata.files]
atomicwrites = [
    {file = "atomicwrites-1.4.0-py2.py3-none-any.whl", hash = "sha256:6d1784dea7c0c8d4a5172b6c620f40b6e4cbfdf96d783691f2e1302a7b88e197"},
    {file = "atomicwrites-1.4.0.tar.gz", hash = "sha256:ae70396ad1a434f9c7046fd2dd196fc04b12f9e91ffb859164193be8b6168a7a"},
]
attrs = [
    {file = "attrs-20.2.0-py2.py3-none-any.whl", hash = "sha256:fce7fc47dfc976152e82d53ff92fa0407700c21acd20886a13777a0d20e655dc"},
    {file = "attrs-20.2.0.tar.gz", hash = "sha256:26b54ddbbb9ee1d34d5d3668dd37d6cf74990ab23c828c2888dccdceee395594"},
]
colorama = [
    {file = "colorama-0.4.3-py2.py3-none-any.whl", hash = "sha256:7d73d2a99753107a36ac6b455ee49046802e59d9d076ef8e47b61499fa29afff"},
    {file = "colorama-0.4.3.tar.gz", hash = "sha256:e96da0d330793e2cb9485e9ddfd918d456036c7149416295932478192f4436a1"},
]
iniconfig = [
    {file = "iniconfig-1.0.1-py3-none-any.whl", hash = "sha256:80cf40c597eb564e86346103f609d74efce0f6b4d4f30ec8ce9e2c26411ba437"},
    {file = "iniconfig-1.0.1.tar.gz", hash = "sha256:e5f92f89355a67de0595932a6c6c02ab4afddc6fcdc0bfc5becd0d60884d3f69"},
]
packaging = [
    {file = "packaging-20.4-py2.py3-none-any.whl", hash = "sha256:998416ba6962ae7fbd6596850b80e17859a5753ba17c32284f67bfff33784181"},
    {file = "packaging-20.4.tar.gz", hash = "sha256:4357f74f47b9c12db93624a82154e9b120fa8293699949152b22065d556079f8"},
]
pluggy = [
    {file = "pluggy-0.13.1-py2.py3-none-any.whl", hash = "sha256:966c145cd83c96502c3c3868f50408687b38434af77734af1e9ca461a4081d2d"},
    {file = "pluggy-0.13.1.tar.gz", hash = "sha256:15b2acde666561e1298d71b523007ed7364de07029219b604cf808bfa1c765b0"},
]
py = [
    {file = "py-1.9.0-py2.py3-none-any.whl", hash = "sha256:366389d1db726cd2fcfc79732e75410e5fe4d31db13692115529d34069a043c2"},
    {file = "py-1.9.0.tar.gz", hash = "sha256:9ca6883ce56b4e8da7e79ac18787889fa5206c79dcc67fb065376cd2fe03f342"},
]
pydantic = [
    {file = "pydantic-1.6.1-cp36-cp36m-macosx_10_9_x86_64.whl", hash = "sha256:418b84654b60e44c0cdd5384294b0e4bc1ebf42d6e873819424f3b78b8690614"},
    {file = "pydantic-1.6.1-cp36-cp36m-manylinux1_i686.whl", hash = "sha256:4900b8820b687c9a3ed753684337979574df20e6ebe4227381d04b3c3c628f99"},
    {file = "pydantic-1.6.1-cp36-cp36m-manylinux2014_i686.whl", hash = "sha256:b49c86aecde15cde33835d5d6360e55f5e0067bb7143a8303bf03b872935c75b"},
    {file = "pydantic-1.6.1-cp36-cp36m-manylinux2014_x86_64.whl", hash = "sha256:2de562a456c4ecdc80cf1a8c3e70c666625f7d02d89a6174ecf63754c734592e"},
    {file = "pydantic-1.6.1-cp36-cp36m-win_amd64.whl", hash = "sha256:f769141ab0abfadf3305d4fcf36660e5cf568a666dd3efab7c3d4782f70946b1"},
    {file = "pydantic-1.6.1-cp37-cp37m-macosx_10_9_x86_64.whl", hash = "sha256:2dc946b07cf24bee4737ced0ae77e2ea6bc97489ba5a035b603bd1b40ad81f7e"},
    {file = "pydantic-1.6.1-cp37-cp37m-manylinux1_i686.whl", hash = "sha256:36dbf6f1be212ab37b5fda07667461a9219c956181aa5570a00edfb0acdfe4a1"},
    {file = "pydantic-1.6.1-cp37-cp37m-manylinux2014_i686.whl", hash = "sha256:1783c1d927f9e1366e0e0609ae324039b2479a1a282a98ed6a6836c9ed02002c"},
    {file = "pydantic-1.6.1-cp37-cp37m-manylinux2014_x86_64.whl", hash = "sha256:cf3933c98cb5e808b62fae509f74f209730b180b1e3c3954ee3f7949e083a7df"},
    {file = "pydantic-1.6.1-cp37-cp37m-win_amd64.whl", hash = "sha256:f8af9b840a9074e08c0e6dc93101de84ba95df89b267bf7151d74c553d66833b"},
    {file = "pydantic-1.6.1-cp38-cp38-macosx_10_9_x86_64.whl", hash = "sha256:40d765fa2d31d5be8e29c1794657ad46f5ee583a565c83cea56630d3ae5878b9"},
    {file = "pydantic-1.6.1-cp38-cp38-manylinux1_i686.whl", hash = "sha256:3fa799f3cfff3e5f536cbd389368fc96a44bb30308f258c94ee76b73bd60531d"},
    {file = "pydantic-1.6.1-cp38-cp38-manylinux2014_i686.whl", hash = "sha256:6c3f162ba175678218629f446a947e3356415b6b09122dcb364e58c442c645a7"},
    {file = "pydantic-1.6.1-cp38-cp38-manylinux2014_x86_64.whl", hash = "sha256:eb75dc1809875d5738df14b6566ccf9fd9c0bcde4f36b72870f318f16b9f5c20"},
    {file = "pydantic-1.6.1-cp38-cp38-win_amd64.whl", hash = "sha256:530d7222a2786a97bc59ee0e0ebbe23728f82974b1f1ad9a11cd966143410633"},
    {file = "pydantic-1.6.1-py36.py37.py38-none-any.whl", hash = "sha256:b5b3489cb303d0f41ad4a7390cf606a5f2c7a94dcba20c051cd1c653694cb14d"},
    {file = "pydantic-1.6.1.tar.gz", hash = "sha256:54122a8ed6b75fe1dd80797f8251ad2063ea348a03b77218d73ea9fe19bd4e73"},
]
pygame = [
    {file = "pygame-2.0.0.dev10-cp27-cp27m-macosx_10_9_intel.whl", hash = "sha256:0eca53d0de28f2abebd9bdd6269815e47bdf292c924eef2becdb2e716ac6fe65"},
    {file = "pygame-2.0.0.dev10-cp27-cp27m-win32.whl", hash = "sha256:9ecf25d4c663a498abf8dbd0d37cad1134ac816d22d34e2218961551cb8f79e8"},
    {file = "pygame-2.0.0.dev10-cp27-cp27m-win_amd64.whl", hash = "sha256:1f3b008e70377ee693c0dbc56b772a1a1e16e7fd81ba799b53d976b42e85fd21"},
    {file = "pygame-2.0.0.dev10-cp27-cp27mu-manylinux1_i686.whl", hash = "sha256:0971a2f2d1092c36abab9f53e8b21edf182474569cbad48a444535a2f9484fda"},
    {file = "pygame-2.0.0.dev10-cp27-cp27mu-manylinux1_x86_64.whl", hash = "sha256:df89c3463859debae4a9f1cea6ea618d099bd69bd409c30c0ce5a99705d1449d"},
    {file = "pygame-2.0.0.dev10-cp34-cp34m-manylinux1_i686.whl", hash = "sha256:d344e8356900983483e22d45daa77cf9d1f5d6ed51e1e80034a1fc0f94e4a0b7"},
    {file = "pygame-2.0.0.dev10-cp34-cp34m-manylinux1_x86_64.whl", hash = "sha256:d08a2316e5f1fc3941d71c5386692abdd8de1d6e671ae450bc9cd8c538365e82"},
    {file = "pygame-2.0.0.dev10-cp35-cp35m-macosx_10_9_intel.whl", hash = "sha256:e11313a6992dc6f05b5f50efd55951d0f36b25cd4dc87ae211863fddecdb939d"},
    {file = "pygame-2.0.0.dev10-cp35-cp35m-manylinux1_i686.whl", hash = "sha256:52f7024f7ab1b16ea05cee3cd6a982428d2bd399075048516264ac12cc10b3be"},
    {file = "pygame-2.0.0.dev10-cp35-cp35m-manylinux1_x86_64.whl", hash = "sha256:730ed3d8e9d977c9d6aae24fad24b60d2bab8b5ae7ddbb8c99e0ab8c3fb4b026"},
    {file = "pygame-2.0.0.dev10-cp35-cp35m-win32.whl", hash = "sha256:179ec539b06eacdb9e94aeebe85304f844a823defdbb4eceee0154c4940a2805"},
    {file = "pygame-2.0.0.dev10-cp35-cp35m-win_amd64.whl", hash = "sha256:390d1608328b9644a18bc9b923d5452e81b21988ed9cc4b5c11f1cd13135c781"},
    {file = "pygame-2.0.0.dev10-cp36-cp36m-macosx_10_9_intel.whl", hash = "sha256:d1335eba3bd5e5e9472a3e21c76d5718d38b2835e2239640bb21f9fcad37c4f3"},
    {file = "pygame-2.0.0.dev10-cp36-cp36m-manylinux1_i686.whl", hash = "sha256:7ee3c0cd24b30f4f7f58f16ac277d3fb11124ae6820752e56b1ee8830e7edd0c"},
    {file = "pygame-2.0.0.dev10-cp36-cp36m-manylinux1_x86_64.whl", hash = "sha256:736eb34f6e700d4bac3fe467d199e9b304811c58c1859263fd0c8218570d3aeb"},
    {file = "pygame-2.0.0.dev10-cp36-cp36m-win32.whl", hash = "sha256:d33610ef18a3376ef0c09c628c429222f85b97c6a7a357f7a1cd8d658e0f0c72"},
    {file = "pygame-2.0.0.dev10-cp36-cp36m-win_amd64.whl", hash = "sha256:8c588432aab8cc1e7f72801699550c4b3e4f5e3f5fab618589d10e84ccaf28d6"},
    {file = "pygame-2.0.0.dev10-cp37-cp37m-macosx_10_9_intel.whl", hash = "sha256:00168396ca846bcc22df493b14f1e674cde0dcdaee238fc5899da8a5ab979519"},
    {file = "pygame-2.0.0.dev10-cp37-cp37m-manylinux1_i686.whl", hash = "sha256:32edf3af4510d06bb2d9676cb5f5deeee4588ea5ed5c638bf0c575e2536ff3db"},
    {file = "pygame-2.0.0.dev10-cp37-cp37m-manylinux1_x86_64.whl", hash = "sha256:f86a7f337873645b54ec31114ac7f486e903c0ddd38f5e2d050a14895de9dbaa"},
    {file = "pygame-2.0.0.dev10-cp37-cp37m-win32.whl", hash = "sha256:b85a12bee7c77a950be5532d11010a5d8bb38d3050933b8f0ab78ae1c06d9328"},
    {file = "pygame-2.0.0.dev10-cp37-cp37m-win_amd64.whl", hash = "sha256:eccab135019d591733bfc29d261585caa2f70d3b7176bf01a07be96f982485fe"},
    {file = "pygame-2.0.0.dev10-cp38-cp38-macosx_10_9_intel.whl", hash = "sha256:9cec19e532d73490f3c611feba6c2fcc4a2a5949cb8f3b381450d9ec7246033e"},
    {file = "pygame-2.0.0.dev10-cp38-cp38-manylinux1_i686.whl", hash = "sha256:a308a4a9400ffd9c4ca32c400c6eea0c39765d3c6135feb8d2f1dff99f73b197"},
    {file = "pygame-2.0.0.dev10-cp38-cp38-manylinux1_x86_64.whl", hash = "sha256:cf1171deb98aac06dc72b8e4e6e47ca0aa966aa55edb05d4381c3f587144f35a"},
    {file = "pygame-2.0.0.dev10-cp38-cp38-win32.whl", hash = "sha256:ccd289dcdc230e8dcffff520adcac683737fa97c67de155a5f8f7fbf011cbc04"},
    {file = "pygame-2.0.0.dev10-cp38-cp38-win_amd64.whl", hash = "sha256:b6c9fdb3e79a72ee51699c68e626b47dfc4742fd26572113a974e6d1dc2cdcd8"},
    {file = "pygame-2.0.0.dev10.tar.gz", hash = "sha256:c4437da0c3d5e73a1f1e3c4a4313f7e8ca7eae472a1686840b1f34989ffae08a"},
]
pyparsing = [
    {file = "pyparsing-2.4.7-py2.py3-none-any.whl", hash = "sha256:ef9d7589ef3c200abe66653d3f1ab1033c3c419ae9b9bdb1240a85b024efc88b"},
    {file = "pyparsing-2.4.7.tar.gz", hash = "sha256:c203ec8783bf771a155b207279b9bccb8dea02d8f0c9e5f8ead507bc3246ecc1"},
]
pytest = [
    {file = "pytest-6.1.0-py3-none-any.whl", hash = "sha256:1cd09785c0a50f9af72220dd12aa78cfa49cbffc356c61eab009ca189e018a33"},
    {file = "pytest-6.1.0.tar.gz", hash = "sha256:d010e24666435b39a4cf48740b039885642b6c273a3f77be3e7e03554d2806b7"},
]
six = [
    {file = "six-1.15.0-py2.py3-none-any.whl", hash = "sha256:8b74bedcbbbaca38ff6d7491d76f2b06b3592611af620f8426e82dddb04a5ced"},
    {file = "six-1.15.0.tar.gz", hash = "sha256:30639c035cdb23534cd4aa2dd52c3bf48f06e5f4a941509c8bafd8ce11080259"},
]
toml = [
    {file = "toml-0.10.1-py2.py3-none-any.whl", hash = "sha256:bda89d5935c2eac546d648028b9901107a595863cb36bae0c73ac804a9b4ce88"},
    {file = "toml-0.10.1.tar.gz", hash = "sha256:926b612be1e5ce0634a2ca03470f95169cf16f939018233a670519cb4ac58b0f"},
]
wrapt = [
    {file = "wrapt-1.12.1.tar.gz", hash = "sha256:b62ffa81fb85f4332a4f609cab4ac40709470da05643a082ec1eb88e6d9b97d7"},
]
